
Microsoft Visual Studio Solution File, Format Version 12.00
# Visual Studio Version 17
VisualStudioVersion = 17.2.32602.215
MinimumVisualStudioVersion = 10.0.40219.1
Project("{FAE04EC0-301F-11D3-BF4B-00C04F79EFBC}") = "MilkrunTest", "MilkrunTest.csproj", "{FE4C4415-E581-4401-97CD-11C13674D4EC}"
EndProject
Global
	GlobalSection(SolutionConfigurationPlatforms) = preSolution
		Debug|Any CPU = Debug|Any CPU
		Release|Any CPU = Release|Any CPU
	EndGlobalSection
	GlobalSection(ProjectConfigurationPlatforms) = postSolution
		{FE4C4415-E581-4401-97CD-11C13674D4EC}.Debug|Any CPU.ActiveCfg = Debug|Any CPU
		{FE4C4415-E581-4401-97CD-11C13674D4EC}.Debug|Any CPU.Build.0 = Debug|Any CPU
		{FE4C4415-E581-4401-97CD-11C13674D4EC}.Release|Any CPU.ActiveCfg = Release|Any CPU
		{FE4C4415-E581-4401-97CD-11C13674D4EC}.Release|Any CPU.Build.0 = Release|Any CPU
	EndGlobalSection
	GlobalSection(SolutionProperties) = preSolution
		HideSolutionNode = FALSE
	EndGlobalSection
	GlobalSection(ExtensibilityGlobals) = postSolution
		SolutionGuid = {110B730E-8CB5-4B59-A1C8-705AF69B7DFD}
	EndGlobalSection
EndGlobal
